
Microsoft Visual Studio Solution File, Format Version 12.00
# Visual Studio Version 16
VisualStudioVersion = 16.0.31624.102
MinimumVisualStudioVersion = 10.0.40219.1
Project("{FAE04EC0-301F-11D3-BF4B-00C04F79EFBC}") = "DuckSimulator", "DuckSimulator\DuckSimulator.csproj", "{54D8414A-8C37-459D-ADE9-B10FAD9A04F6}"
EndProject
Project("{2150E333-8FDC-42A3-9474-1A3956D46DE8}") = "Strategy Pattern", "Strategy Pattern", "{5B918013-3133-4AE3-A9E3-C98819DB82C7}"
EndProject
Project("{FAE04EC0-301F-11D3-BF4B-00C04F79EFBC}") = "PhoneCameraApp", "PhoneCameraApp\PhoneCameraApp.csproj", "{85028F1D-DF27-42F8-8626-C6B9E055CEDF}"
EndProject
Project("{2150E333-8FDC-42A3-9474-1A3956D46DE8}") = "Solution Items", "Solution Items", "{66455FAD-9F3A-498B-9421-9EEB08FF6722}"
	ProjectSection(SolutionItems) = preProject
		cheatsheet.txt = cheatsheet.txt
	EndProjectSection
EndProject
Global
	GlobalSection(SolutionConfigurationPlatforms) = preSolution
		Debug|Any CPU = Debug|Any CPU
		Release|Any CPU = Release|Any CPU
	EndGlobalSection
	GlobalSection(ProjectConfigurationPlatforms) = postSolution
		{54D8414A-8C37-459D-ADE9-B10FAD9A04F6}.Debug|Any CPU.ActiveCfg = Debug|Any CPU
		{54D8414A-8C37-459D-ADE9-B10FAD9A04F6}.Debug|Any CPU.Build.0 = Debug|Any CPU
		{54D8414A-8C37-459D-ADE9-B10FAD9A04F6}.Release|Any CPU.ActiveCfg = Release|Any CPU
		{54D8414A-8C37-459D-ADE9-B10FAD9A04F6}.Release|Any CPU.Build.0 = Release|Any CPU
		{85028F1D-DF27-42F8-8626-C6B9E055CEDF}.Debug|Any CPU.ActiveCfg = Debug|Any CPU
		{85028F1D-DF27-42F8-8626-C6B9E055CEDF}.Debug|Any CPU.Build.0 = Debug|Any CPU
		{85028F1D-DF27-42F8-8626-C6B9E055CEDF}.Release|Any CPU.ActiveCfg = Release|Any CPU
		{85028F1D-DF27-42F8-8626-C6B9E055CEDF}.Release|Any CPU.Build.0 = Release|Any CPU
	EndGlobalSection
	GlobalSection(SolutionProperties) = preSolution
		HideSolutionNode = FALSE
	EndGlobalSection
	GlobalSection(NestedProjects) = preSolution
		{54D8414A-8C37-459D-ADE9-B10FAD9A04F6} = {5B918013-3133-4AE3-A9E3-C98819DB82C7}
		{85028F1D-DF27-42F8-8626-C6B9E055CEDF} = {5B918013-3133-4AE3-A9E3-C98819DB82C7}
	EndGlobalSection
	GlobalSection(ExtensibilityGlobals) = postSolution
		SolutionGuid = {E937109A-E2A6-43A0-9EE1-5017FB4487E6}
	EndGlobalSection
EndGlobal
